
Microsoft Visual Studio Solution File, Format Version 12.00
# Visual Studio 15
VisualStudioVersion = 15.0.27703.2018
MinimumVisualStudioVersion = 10.0.40219.1
Project("{888888A0-9F3D-457C-B088-3A5042F75D52}") = "Battleships_A_Level_Project", "Battleships_A_Level_Project\Battleships_A_Level_Project.pyproj", "{5DE28D57-0A5E-4776-9B7F-100FDFADEAEB}"
EndProject
Global
	GlobalSection(SolutionConfigurationPlatforms) = preSolution
		Debug|Any CPU = Debug|Any CPU
		Release|Any CPU = Release|Any CPU
	EndGlobalSection
	GlobalSection(ProjectConfigurationPlatforms) = postSolution
		{5DE28D57-0A5E-4776-9B7F-100FDFADEAEB}.Debug|Any CPU.ActiveCfg = Debug|Any CPU
		{5DE28D57-0A5E-4776-9B7F-100FDFADEAEB}.Release|Any CPU.ActiveCfg = Release|Any CPU
	EndGlobalSection
	GlobalSection(SolutionProperties) = preSolution
		HideSolutionNode = FALSE
	EndGlobalSection
	GlobalSection(ExtensibilityGlobals) = postSolution
		SolutionGuid = {5F61BA2D-FF58-41D1-880D-FFFCA3FEEAB5}
	EndGlobalSection
EndGlobal
